# This file is automatically @generated by Cargo.
# It is not intended for manual editing.
version = 4

[[package]]
name = "basis_app"
version = "0.1.0"

[[package]]
name = "basis_cli"
version = "0.1.0"

[[package]]
name = "basis_offchain"
version = "0.1.0"

[[package]]
name = "basis_server"
version = "0.1.0"

[[package]]
name = "basis_store"
version = "0.1.0"
